// !$*UTF8*$!
{
	archiveVersion = 1;
	classes = {
	};
	objectVersion = 51;
	objects = {

/* Begin PBXBuildFile section */
		2A18E8C34849A5EA4590AF44 /* Pods_GorillaGorillaGorilla.framework in Frameworks */ = {isa = PBXBuildFile; fileRef = 0234C9B29D81EADB2ECBBA55 /* Pods_GorillaGorillaGorilla.framework */; };
		4582F6EF2307EA1E00448408 /* ResultViewController.swift in Sources */ = {isa = PBXBuildFile; fileRef = 4582F6EE2307EA1E00448408 /* ResultViewController.swift */; };
		458DE9EB2303D78D000D85BA /* AppDelegate.swift in Sources */ = {isa = PBXBuildFile; fileRef = 458DE9EA2303D78D000D85BA /* AppDelegate.swift */; };
		458DE9ED2303D78D000D85BA /* HomeViewController.swift in Sources */ = {isa = PBXBuildFile; fileRef = 458DE9EC2303D78D000D85BA /* HomeViewController.swift */; };
		458DE9F02303D78D000D85BA /* Main.storyboard in Resources */ = {isa = PBXBuildFile; fileRef = 458DE9EE2303D78D000D85BA /* Main.storyboard */; };
		458DE9F22303D78E000D85BA /* Assets.xcassets in Resources */ = {isa = PBXBuildFile; fileRef = 458DE9F12303D78E000D85BA /* Assets.xcassets */; };
		458DE9F52303D78E000D85BA /* LaunchScreen.storyboard in Resources */ = {isa = PBXBuildFile; fileRef = 458DE9F32303D78E000D85BA /* LaunchScreen.storyboard */; };
		45FEBAA62303E1DD0044365D /* ChooseViewController.swift in Sources */ = {isa = PBXBuildFile; fileRef = 45FEBAA52303E1DD0044365D /* ChooseViewController.swift */; };
		45FEBAA92303F6D10044365D /* Question.swift in Sources */ = {isa = PBXBuildFile; fileRef = 45FEBAA82303F6D10044365D /* Question.swift */; };
/* End PBXBuildFile section */

/* Begin PBXFileReference section */
		0234C9B29D81EADB2ECBBA55 /* Pods_GorillaGorillaGorilla.framework */ = {isa = PBXFileReference; explicitFileType = wrapper.framework; includeInIndex = 0; path = Pods_GorillaGorillaGorilla.framework; sourceTree = BUILT_PRODUCTS_DIR; };
		4582F6EE2307EA1E00448408 /* ResultViewController.swift */ = {isa = PBXFileReference; lastKnownFileType = sourcecode.swift; path = ResultViewController.swift; sourceTree = "<group>"; };
		458DE9E72303D78D000D85BA /* GorillaGorillaGorilla.app */ = {isa = PBXFileReference; explicitFileType = wrapper.application; includeInIndex = 0; path = GorillaGorillaGorilla.app; sourceTree = BUILT_PRODUCTS_DIR; };
		458DE9EA2303D78D000D85BA /* AppDelegate.swift */ = {isa = PBXFileReference; lastKnownFileType = sourcecode.swift; path = AppDelegate.swift; sourceTree = "<group>"; };
		458DE9EC2303D78D000D85BA /* HomeViewController.swift */ = {isa = PBXFileReference; lastKnownFileType = sourcecode.swift; path = HomeViewController.swift; sourceTree = "<group>"; };
		458DE9EF2303D78D000D85BA /* Base */ = {isa = PBXFileReference; lastKnownFileType = file.storyboard; name = Base; path = Base.lproj/Main.storyboard; sourceTree = "<group>"; };
		458DE9F12303D78E000D85BA /* Assets.xcassets */ = {isa = PBXFileReference; lastKnownFileType = folder.assetcatalog; path = Assets.xcassets; sourceTree = "<group>"; };
		458DE9F42303D78E000D85BA /* Base */ = {isa = PBXFileReference; lastKnownFileType = file.storyboard; name = Base; path = Base.lproj/LaunchScreen.storyboard; sourceTree = "<group>"; };
		458DE9F62303D78E000D85BA /* Info.plist */ = {isa = PBXFileReference; lastKnownFileType = text.plist.xml; path = Info.plist; sourceTree = "<group>"; };
		45FEBAA52303E1DD0044365D /* ChooseViewController.swift */ = {isa = PBXFileReference; lastKnownFileType = sourcecode.swift; path = ChooseViewController.swift; sourceTree = "<group>"; };
		45FEBAA82303F6D10044365D /* Question.swift */ = {isa = PBXFileReference; lastKnownFileType = sourcecode.swift; path = Question.swift; sourceTree = "<group>"; };
		90FF2B39BD70CB021632B7C4 /* Pods-GorillaGorillaGorilla.debug.xcconfig */ = {isa = PBXFileReference; includeInIndex = 1; lastKnownFileType = text.xcconfig; name = "Pods-GorillaGorillaGorilla.debug.xcconfig"; path = "Target Support Files/Pods-GorillaGorillaGorilla/Pods-GorillaGorillaGorilla.debug.xcconfig"; sourceTree = "<group>"; };
		C454D47427491ACB3ED15463 /* Pods-GorillaGorillaGorilla.release.xcconfig */ = {isa = PBXFileReference; includeInIndex = 1; lastKnownFileType = text.xcconfig; name = "Pods-GorillaGorillaGorilla.release.xcconfig"; path = "Target Support Files/Pods-GorillaGorillaGorilla/Pods-GorillaGorillaGorilla.release.xcconfig"; sourceTree = "<group>"; };
/* End PBXFileReference section */

/* Begin PBXFrameworksBuildPhase section */
		458DE9E42303D78D000D85BA /* Frameworks */ = {
			isa = PBXFrameworksBuildPhase;
			buildActionMask = 2147483647;
			files = (
				2A18E8C34849A5EA4590AF44 /* Pods_GorillaGorillaGorilla.framework in Frameworks */,
			);
			runOnlyForDeploymentPostprocessing = 0;
		};
/* End PBXFrameworksBuildPhase section */

/* Begin PBXGroup section */
		10ECB3F36FB8C504F36C6A06 /* Frameworks */ = {
			isa = PBXGroup;
			children = (
				0234C9B29D81EADB2ECBBA55 /* Pods_GorillaGorillaGorilla.framework */,
			);
			name = Frameworks;
			sourceTree = "<group>";
		};
		458DE9DE2303D78D000D85BA = {
			isa = PBXGroup;
			children = (
				458DE9E92303D78D000D85BA /* GorillaGorillaGorilla */,
				458DE9E82303D78D000D85BA /* Products */,
				FDFE96D08EE5DF3D20DEF525 /* Pods */,
				10ECB3F36FB8C504F36C6A06 /* Frameworks */,
			);
			sourceTree = "<group>";
		};
		458DE9E82303D78D000D85BA /* Products */ = {
			isa = PBXGroup;
			children = (
				458DE9E72303D78D000D85BA /* GorillaGorillaGorilla.app */,
			);
			name = Products;
			sourceTree = "<group>";
		};
		458DE9E92303D78D000D85BA /* GorillaGorillaGorilla */ = {
			isa = PBXGroup;
			children = (
				458DE9EA2303D78D000D85BA /* AppDelegate.swift */,
				45FEBAA52303E1DD0044365D /* ChooseViewController.swift */,
				458DE9EC2303D78D000D85BA /* HomeViewController.swift */,
				4582F6EE2307EA1E00448408 /* ResultViewController.swift */,
				458DE9EE2303D78D000D85BA /* Main.storyboard */,
				458DE9F12303D78E000D85BA /* Assets.xcassets */,
				458DE9F32303D78E000D85BA /* LaunchScreen.storyboard */,
				458DE9F62303D78E000D85BA /* Info.plist */,
				45FEBAA82303F6D10044365D /* Question.swift */,
			);
			path = GorillaGorillaGorilla;
			sourceTree = "<group>";
		};
		FDFE96D08EE5DF3D20DEF525 /* Pods */ = {
			isa = PBXGroup;
			children = (
				90FF2B39BD70CB021632B7C4 /* Pods-GorillaGorillaGorilla.debug.xcconfig */,
				C454D47427491ACB3ED15463 /* Pods-GorillaGorillaGorilla.release.xcconfig */,
			);
			path = Pods;
			sourceTree = "<group>";
		};
/* End PBXGroup section */

/* Begin PBXNativeTarget section */
		458DE9E62303D78D000D85BA /* GorillaGorillaGorilla */ = {
			isa = PBXNativeTarget;
			buildConfigurationList = 458DE9F92303D78E000D85BA /* Build configuration list for PBXNativeTarget "GorillaGorillaGorilla" */;
			buildPhases = (
				0429387C4720EBE816E47061 /* [CP] Check Pods Manifest.lock */,
				458DE9E32303D78D000D85BA /* Sources */,
				458DE9E42303D78D000D85BA /* Frameworks */,
				458DE9E52303D78D000D85BA /* Resources */,
				75B3406ECE6C3B09FEBF4BDF /* [CP] Embed Pods Frameworks */,
			);
			buildRules = (
			);
			dependencies = (
			);
			name = GorillaGorillaGorilla;
			productName = GorillaGorillaGorilla;
			productReference = 458DE9E72303D78D000D85BA /* GorillaGorillaGorilla.app */;
			productType = "com.apple.product-type.application";
		};
/* End PBXNativeTarget section */

/* Begin PBXProject section */
		458DE9DF2303D78D000D85BA /* Project object */ = {
			isa = PBXProject;
			attributes = {
				LastSwiftUpdateCheck = 1030;
				LastUpgradeCheck = 1030;
				ORGANIZATIONNAME = tasmaniadecoco;
				TargetAttributes = {
					458DE9E62303D78D000D85BA = {
						CreatedOnToolsVersion = 10.3;
					};
				};
			};
			buildConfigurationList = 458DE9E22303D78D000D85BA /* Build configuration list for PBXProject "GorillaGorillaGorilla" */;
			compatibilityVersion = "Xcode 9.3";
			developmentRegion = en;
			hasScannedForEncodings = 0;
			knownRegions = (
				en,
				Base,
			);
			mainGroup = 458DE9DE2303D78D000D85BA;
			productRefGroup = 458DE9E82303D78D000D85BA /* Products */;
			projectDirPath = "";
			projectRoot = "";
			targets = (
				458DE9E62303D78D000D85BA /* GorillaGorillaGorilla */,
			);
		};
/* End PBXProject section */

/* Begin PBXResourcesBuildPhase section */
		458DE9E52303D78D000D85BA /* Resources */ = {
			isa = PBXResourcesBuildPhase;
			buildActionMask = 2147483647;
			files = (
				458DE9F52303D78E000D85BA /* LaunchScreen.storyboard in Resources */,
				458DE9F22303D78E000D85BA /* Assets.xcassets in Resources */,
				458DE9F02303D78D000D85BA /* Main.storyboard in Resources */,
			);
			runOnlyForDeploymentPostprocessing = 0;
		};
/* End PBXResourcesBuildPhase section */

/* Begin PBXShellScriptBuildPhase section */
		0429387C4720EBE816E47061 /* [CP] Check Pods Manifest.lock */ = {
			isa = PBXShellScriptBuildPhase;
			buildActionMask = 2147483647;
			files = (
			);
			inputFileListPaths = (
			);
			inputPaths = (
				"${PODS_PODFILE_DIR_PATH}/Podfile.lock",
				"${PODS_ROOT}/Manifest.lock",
			);
			name = "[CP] Check Pods Manifest.lock";
			outputFileListPaths = (
			);
			outputPaths = (
				"$(DERIVED_FILE_DIR)/Pods-GorillaGorillaGorilla-checkManifestLockResult.txt",
			);
			runOnlyForDeploymentPostprocessing = 0;
			shellPath = /bin/sh;
			shellScript = "diff \"${PODS_PODFILE_DIR_PATH}/Podfile.lock\" \"${PODS_ROOT}/Manifest.lock\" > /dev/null\nif [ $? != 0 ] ; then\n    # print error to STDERR\n    echo \"error: The sandbox is not in sync with the Podfile.lock. Run 'pod install' or update your CocoaPods installation.\" >&2\n    exit 1\nfi\n# This output is used by Xcode 'outputs' to avoid re-running this script phase.\necho \"SUCCESS\" > \"${SCRIPT_OUTPUT_FILE_0}\"\n";
			showEnvVarsInLog = 0;
		};
		75B3406ECE6C3B09FEBF4BDF /* [CP] Embed Pods Frameworks */ = {
			isa = PBXShellScriptBuildPhase;
			buildActionMask = 2147483647;
			files = (
			);
			inputFileListPaths = (
				"${PODS_ROOT}/Target Support Files/Pods-GorillaGorillaGorilla/Pods-GorillaGorillaGorilla-frameworks-${CONFIGURATION}-input-files.xcfilelist",
			);
			name = "[CP] Embed Pods Frameworks";
			outputFileListPaths = (
				"${PODS_ROOT}/Target Support Files/Pods-GorillaGorillaGorilla/Pods-GorillaGorillaGorilla-frameworks-${CONFIGURATION}-output-files.xcfilelist",
			);
			runOnlyForDeploymentPostprocessing = 0;
			shellPath = /bin/sh;
			shellScript = "\"${PODS_ROOT}/Target Support Files/Pods-GorillaGorillaGorilla/Pods-GorillaGorillaGorilla-frameworks.sh\"\n";
			showEnvVarsInLog = 0;
		};
/* End PBXShellScriptBuildPhase section */

/* Begin PBXSourcesBuildPhase section */
		458DE9E32303D78D000D85BA /* Sources */ = {
			isa = PBXSourcesBuildPhase;
			buildActionMask = 2147483647;
			files = (
				4582F6EF2307EA1E00448408 /* ResultViewController.swift in Sources */,
				458DE9ED2303D78D000D85BA /* HomeViewController.swift in Sources */,
				45FEBAA92303F6D10044365D /* Question.swift in Sources */,
				458DE9EB2303D78D000D85BA /* AppDelegate.swift in Sources */,
				45FEBAA62303E1DD0044365D /* ChooseViewController.swift in Sources */,
			);
			runOnlyForDeploymentPostprocessing = 0;
		};
/* End PBXSourcesBuildPhase section */

/* Begin PBXVariantGroup section */
		458DE9EE2303D78D000D85BA /* Main.storyboard */ = {
			isa = PBXVariantGroup;
			children = (
				458DE9EF2303D78D000D85BA /* Base */,
			);
			name = Main.storyboard;
			sourceTree = "<group>";
		};
		458DE9F32303D78E000D85BA /* LaunchScreen.storyboard */ = {
			isa = PBXVariantGroup;
			children = (
				458DE9F42303D78E000D85BA /* Base */,
			);
			name = LaunchScreen.storyboard;
			sourceTree = "<group>";
		};
/* End PBXVariantGroup section */

/* Begin XCBuildConfiguration section */
		458DE9F72303D78E000D85BA /* Debug */ = {
			isa = XCBuildConfiguration;
			buildSettings = {
				ALWAYS_SEARCH_USER_PATHS = NO;
				CLANG_ANALYZER_NONNULL = YES;
				CLANG_ANALYZER_NUMBER_OBJECT_CONVERSION = YES_AGGRESSIVE;
				CLANG_CXX_LANGUAGE_STANDARD = "gnu++14";
				CLANG_CXX_LIBRARY = "libc++";
				CLANG_ENABLE_MODULES = YES;
				CLANG_ENABLE_OBJC_ARC = YES;
				CLANG_ENABLE_OBJC_WEAK = YES;
				CLANG_WARN_BLOCK_CAPTURE_AUTORELEASING = YES;
				CLANG_WARN_BOOL_CONVERSION = YES;
				CLANG_WARN_COMMA = YES;
				CLANG_WARN_CONSTANT_CONVERSION = YES;
				CLANG_WARN_DEPRECATED_OBJC_IMPLEMENTATIONS = YES;
				CLANG_WARN_DIRECT_OBJC_ISA_USAGE = YES_ERROR;
				CLANG_WARN_DOCUMENTATION_COMMENTS = YES;
				CLANG_WARN_EMPTY_BODY = YES;
				CLANG_WARN_ENUM_CONVERSION = YES;
				CLANG_WARN_INFINITE_RECURSION = YES;
				CLANG_WARN_INT_CONVERSION = YES;
				CLANG_WARN_NON_LITERAL_NULL_CONVERSION = YES;
				CLANG_WARN_OBJC_IMPLICIT_RETAIN_SELF = YES;
				CLANG_WARN_OBJC_LITERAL_CONVERSION = YES;
				CLANG_WARN_OBJC_ROOT_CLASS = YES_ERROR;
				CLANG_WARN_RANGE_LOOP_ANALYSIS = YES;
				CLANG_WARN_STRICT_PROTOTYPES = YES;
				CLANG_WARN_SUSPICIOUS_MOVE = YES;
				CLANG_WARN_UNGUARDED_AVAILABILITY = YES_AGGRESSIVE;
				CLANG_WARN_UNREACHABLE_CODE = YES;
				CLANG_WARN__DUPLICATE_METHOD_MATCH = YES;
				CODE_SIGN_IDENTITY = "iPhone Developer";
				COPY_PHASE_STRIP = NO;
				DEBUG_INFORMATION_FORMAT = dwarf;
				ENABLE_STRICT_OBJC_MSGSEND = YES;
				ENABLE_TESTABILITY = YES;
				GCC_C_LANGUAGE_STANDARD = gnu11;
				GCC_DYNAMIC_NO_PIC = NO;
				GCC_NO_COMMON_BLOCKS = YES;
				GCC_OPTIMIZATION_LEVEL = 0;
				GCC_PREPROCESSOR_DEFINITIONS = (
					"DEBUG=1",
					"$(inherited)",
				);
				GCC_WARN_64_TO_32_BIT_CONVERSION = YES;
				GCC_WARN_ABOUT_RETURN_TYPE = YES_ERROR;
				GCC_WARN_UNDECLARED_SELECTOR = YES;
				GCC_WARN_UNINITIALIZED_AUTOS = YES_AGGRESSIVE;
				GCC_WARN_UNUSED_FUNCTION = YES;
				GCC_WARN_UNUSED_VARIABLE = YES;
				IPHONEOS_DEPLOYMENT_TARGET = 12.4;
				MTL_ENABLE_DEBUG_INFO = INCLUDE_SOURCE;
				MTL_FAST_MATH = YES;
				ONLY_ACTIVE_ARCH = YES;
				SDKROOT = iphoneos;
				SWIFT_ACTIVE_COMPILATION_CONDITIONS = DEBUG;
				SWIFT_OPTIMIZATION_LEVEL = "-Onone";
			};
			name = Debug;
		};
		458DE9F82303D78E000D85BA /* Release */ = {
			isa = XCBuildConfiguration;
			buildSettings = {
				ALWAYS_SEARCH_USER_PATHS = NO;
				CLANG_ANALYZER_NONNULL = YES;
				CLANG_ANALYZER_NUMBER_OBJECT_CONVERSION = YES_AGGRESSIVE;
				CLANG_CXX_LANGUAGE_STANDARD = "gnu++14";
				CLANG_CXX_LIBRARY = "libc++";
				CLANG_ENABLE_MODULES = YES;
				CLANG_ENABLE_OBJC_ARC = YES;
				CLANG_ENABLE_OBJC_WEAK = YES;
				CLANG_WARN_BLOCK_CAPTURE_AUTORELEASING = YES;
				CLANG_WARN_BOOL_CONVERSION = YES;
				CLANG_WARN_COMMA = YES;
				CLANG_WARN_CONSTANT_CONVERSION = YES;
				CLANG_WARN_DEPRECATED_OBJC_IMPLEMENTATIONS = YES;
				CLANG_WARN_DIRECT_OBJC_ISA_USAGE = YES_ERROR;
				CLANG_WARN_DOCUMENTATION_COMMENTS = YES;
				CLANG_WARN_EMPTY_BODY = YES;
				CLANG_WARN_ENUM_CONVERSION = YES;
				CLANG_WARN_INFINITE_RECURSION = YES;
				CLANG_WARN_INT_CONVERSION = YES;
				CLANG_WARN_NON_LITERAL_NULL_CONVERSION = YES;
				CLANG_WARN_OBJC_IMPLICIT_RETAIN_SELF = YES;
				CLANG_WARN_OBJC_LITERAL_CONVERSION = YES;
				CLANG_WARN_OBJC_ROOT_CLASS = YES_ERROR;
				CLANG_WARN_RANGE_LOOP_ANALYSIS = YES;
				CLANG_WARN_STRICT_PROTOTYPES = YES;
				CLANG_WARN_SUSPICIOUS_MOVE = YES;
				CLANG_WARN_UNGUARDED_AVAILABILITY = YES_AGGRESSIVE;
				CLANG_WARN_UNREACHABLE_CODE = YES;
				CLANG_WARN__DUPLICATE_METHOD_MATCH = YES;
				CODE_SIGN_IDENTITY = "iPhone Developer";
				COPY_PHASE_STRIP = NO;
				DEBUG_INFORMATION_FORMAT = "dwarf-with-dsym";
				ENABLE_NS_ASSERTIONS = NO;
				ENABLE_STRICT_OBJC_MSGSEND = YES;
				GCC_C_LANGUAGE_STANDARD = gnu11;
				GCC_NO_COMMON_BLOCKS = YES;
				GCC_WARN_64_TO_32_BIT_CONVERSION = YES;
				GCC_WARN_ABOUT_RETURN_TYPE = YES_ERROR;
				GCC_WARN_UNDECLARED_SELECTOR = YES;
				GCC_WARN_UNINITIALIZED_AUTOS = YES_AGGRESSIVE;
				GCC_WARN_UNUSED_FUNCTION = YES;
				GCC_WARN_UNUSED_VARIABLE = YES;
				IPHONEOS_DEPLOYMENT_TARGET = 12.4;
				MTL_ENABLE_DEBUG_INFO = NO;
				MTL_FAST_MATH = YES;
				SDKROOT = iphoneos;
				SWIFT_COMPILATION_MODE = wholemodule;
				SWIFT_OPTIMIZATION_LEVEL = "-O";
				VALIDATE_PRODUCT = YES;
			};
			name = Release;
		};
		458DE9FA2303D78E000D85BA /* Debug */ = {
			isa = XCBuildConfiguration;
			baseConfigurationReference = 90FF2B39BD70CB021632B7C4 /* Pods-GorillaGorillaGorilla.debug.xcconfig */;
			buildSettings = {
				ASSETCATALOG_COMPILER_APPICON_NAME = AppIcon;
				CODE_SIGN_STYLE = Automatic;
				INFOPLIST_FILE = GorillaGorillaGorilla/Info.plist;
				LD_RUNPATH_SEARCH_PATHS = (
					"$(inherited)",
					"@executable_path/Frameworks",
				);
				PRODUCT_BUNDLE_IDENTIFIER = tasmaniadecoco.GorillaGorillaGorilla;
				PRODUCT_NAME = "$(TARGET_NAME)";
				SWIFT_VERSION = 5.0;
				TARGETED_DEVICE_FAMILY = "1,2";
			};
			name = Debug;
		};
		458DE9FB2303D78E000D85BA /* Release */ = {
			isa = XCBuildConfiguration;
			baseConfigurationReference = C454D47427491ACB3ED15463 /* Pods-GorillaGorillaGorilla.release.xcconfig */;
			buildSettings = {
				ASSETCATALOG_COMPILER_APPICON_NAME = AppIcon;
				CODE_SIGN_STYLE = Automatic;
				INFOPLIST_FILE = GorillaGorillaGorilla/Info.plist;
				LD_RUNPATH_SEARCH_PATHS = (
					"$(inherited)",
					"@executable_path/Frameworks",
				);
				PRODUCT_BUNDLE_IDENTIFIER = tasmaniadecoco.GorillaGorillaGorilla;
				PRODUCT_NAME = "$(TARGET_NAME)";
				SWIFT_VERSION = 5.0;
				TARGETED_DEVICE_FAMILY = "1,2";
			};
			name = Release;
		};
/* End XCBuildConfiguration section */

/* Begin XCConfigurationList section */
		458DE9E22303D78D000D85BA /* Build configuration list for PBXProject "GorillaGorillaGorilla" */ = {
			isa = XCConfigurationList;
			buildConfigurations = (
				458DE9F72303D78E000D85BA /* Debug */,
				458DE9F82303D78E000D85BA /* Release */,
			);
			defaultConfigurationIsVisible = 0;
			defaultConfigurationName = Release;
		};
		458DE9F92303D78E000D85BA /* Build configuration list for PBXNativeTarget "GorillaGorillaGorilla" */ = {
			isa = XCConfigurationList;
			buildConfigurations = (
				458DE9FA2303D78E000D85BA /* Debug */,
				458DE9FB2303D78E000D85BA /* Release */,
			);
			defaultConfigurationIsVisible = 0;
			defaultConfigurationName = Release;
		};
/* End XCConfigurationList section */
	};
	rootObject = 458DE9DF2303D78D000D85BA /* Project object */;
}
